// !$*UTF8*$!
{
	archiveVersion = 1;
	classes = {
	};
	objectVersion = 50;
	objects = {

/* Begin PBXBuildFile section */
		EAC654802358F8930074DD58 /* AppDelegate.swift in Sources */ = {isa = PBXBuildFile; fileRef = EAC6547F2358F8930074DD58 /* AppDelegate.swift */; };
		EAC654822358F8930074DD58 /* ViewController.swift in Sources */ = {isa = PBXBuildFile; fileRef = EAC654812358F8930074DD58 /* ViewController.swift */; };
		EAC654842358F8960074DD58 /* Assets.xcassets in Resources */ = {isa = PBXBuildFile; fileRef = EAC654832358F8960074DD58 /* Assets.xcassets */; };
		EAC654872358F8960074DD58 /* Main.storyboard in Resources */ = {isa = PBXBuildFile; fileRef = EAC654852358F8960074DD58 /* Main.storyboard */; };
		EAC654932358F8960074DD58 /* HnefataflTests.swift in Sources */ = {isa = PBXBuildFile; fileRef = EAC654922358F8960074DD58 /* HnefataflTests.swift */; };
		EAC654A62358FC460074DD58 /* BoardView.swift in Sources */ = {isa = PBXBuildFile; fileRef = EAC654A42358FC460074DD58 /* BoardView.swift */; };
		EAC654A72358FC460074DD58 /* BoardConfig.swift in Sources */ = {isa = PBXBuildFile; fileRef = EAC654A52358FC460074DD58 /* BoardConfig.swift */; };
		EAC654AD235A37CB0074DD58 /* BoardGeometry.c in Sources */ = {isa = PBXBuildFile; fileRef = EAC654AC235A37CB0074DD58 /* BoardGeometry.c */; };
/* End PBXBuildFile section */

/* Begin PBXContainerItemProxy section */
		EAC6548F2358F8960074DD58 /* PBXContainerItemProxy */ = {
			isa = PBXContainerItemProxy;
			containerPortal = EAC654742358F8930074DD58 /* Project object */;
			proxyType = 1;
			remoteGlobalIDString = EAC6547B2358F8930074DD58;
			remoteInfo = Hnefatafl;
		};
/* End PBXContainerItemProxy section */

/* Begin PBXFileReference section */
		EAC6547C2358F8930074DD58 /* Hnefatafl.app */ = {isa = PBXFileReference; explicitFileType = wrapper.application; includeInIndex = 0; path = Hnefatafl.app; sourceTree = BUILT_PRODUCTS_DIR; };
		EAC6547F2358F8930074DD58 /* AppDelegate.swift */ = {isa = PBXFileReference; lastKnownFileType = sourcecode.swift; path = AppDelegate.swift; sourceTree = "<group>"; };
		EAC654812358F8930074DD58 /* ViewController.swift */ = {isa = PBXFileReference; lastKnownFileType = sourcecode.swift; path = ViewController.swift; sourceTree = "<group>"; };
		EAC654832358F8960074DD58 /* Assets.xcassets */ = {isa = PBXFileReference; lastKnownFileType = folder.assetcatalog; path = Assets.xcassets; sourceTree = "<group>"; };
		EAC654862358F8960074DD58 /* Base */ = {isa = PBXFileReference; lastKnownFileType = file.storyboard; name = Base; path = Base.lproj/Main.storyboard; sourceTree = "<group>"; };
		EAC654882358F8960074DD58 /* Info.plist */ = {isa = PBXFileReference; lastKnownFileType = text.plist.xml; path = Info.plist; sourceTree = "<group>"; };
		EAC654892358F8960074DD58 /* Hnefatafl.entitlements */ = {isa = PBXFileReference; lastKnownFileType = text.plist.entitlements; path = Hnefatafl.entitlements; sourceTree = "<group>"; };
		EAC6548E2358F8960074DD58 /* HnefataflTests.xctest */ = {isa = PBXFileReference; explicitFileType = wrapper.cfbundle; includeInIndex = 0; path = HnefataflTests.xctest; sourceTree = BUILT_PRODUCTS_DIR; };
		EAC654922358F8960074DD58 /* HnefataflTests.swift */ = {isa = PBXFileReference; lastKnownFileType = sourcecode.swift; path = HnefataflTests.swift; sourceTree = "<group>"; };
		EAC654942358F8960074DD58 /* Info.plist */ = {isa = PBXFileReference; lastKnownFileType = text.plist.xml; path = Info.plist; sourceTree = "<group>"; };
		EAC654A42358FC460074DD58 /* BoardView.swift */ = {isa = PBXFileReference; fileEncoding = 4; lastKnownFileType = sourcecode.swift; path = BoardView.swift; sourceTree = "<group>"; };
		EAC654A52358FC460074DD58 /* BoardConfig.swift */ = {isa = PBXFileReference; fileEncoding = 4; lastKnownFileType = sourcecode.swift; path = BoardConfig.swift; sourceTree = "<group>"; };
		EAC654AA235A37CA0074DD58 /* Hnefatafl-Bridging-Header.h */ = {isa = PBXFileReference; lastKnownFileType = sourcecode.c.h; path = "Hnefatafl-Bridging-Header.h"; sourceTree = "<group>"; };
		EAC654AB235A37CB0074DD58 /* BoardGeometry.h */ = {isa = PBXFileReference; lastKnownFileType = sourcecode.c.h; path = BoardGeometry.h; sourceTree = "<group>"; };
		EAC654AC235A37CB0074DD58 /* BoardGeometry.c */ = {isa = PBXFileReference; lastKnownFileType = sourcecode.c.c; path = BoardGeometry.c; sourceTree = "<group>"; };
/* End PBXFileReference section */

/* Begin PBXFrameworksBuildPhase section */
		EAC654792358F8930074DD58 /* Frameworks */ = {
			isa = PBXFrameworksBuildPhase;
			buildActionMask = 2147483647;
			files = (
			);
			runOnlyForDeploymentPostprocessing = 0;
		};
		EAC6548B2358F8960074DD58 /* Frameworks */ = {
			isa = PBXFrameworksBuildPhase;
			buildActionMask = 2147483647;
			files = (
			);
			runOnlyForDeploymentPostprocessing = 0;
		};
/* End PBXFrameworksBuildPhase section */

/* Begin PBXGroup section */
		EAC654732358F8930074DD58 = {
			isa = PBXGroup;
			children = (
				EAC6547E2358F8930074DD58 /* Hnefatafl */,
				EAC654912358F8960074DD58 /* HnefataflTests */,
				EAC6547D2358F8930074DD58 /* Products */,
			);
			sourceTree = "<group>";
		};
		EAC6547D2358F8930074DD58 /* Products */ = {
			isa = PBXGroup;
			children = (
				EAC6547C2358F8930074DD58 /* Hnefatafl.app */,
				EAC6548E2358F8960074DD58 /* HnefataflTests.xctest */,
			);
			name = Products;
			sourceTree = "<group>";
		};
		EAC6547E2358F8930074DD58 /* Hnefatafl */ = {
			isa = PBXGroup;
			children = (
				EAC654A9235A377E0074DD58 /* Engine */,
				EAC6549D2358FB150074DD58 /* Ui */,
				EAC6547F2358F8930074DD58 /* AppDelegate.swift */,
				EAC654812358F8930074DD58 /* ViewController.swift */,
				EAC654832358F8960074DD58 /* Assets.xcassets */,
				EAC654852358F8960074DD58 /* Main.storyboard */,
				EAC654882358F8960074DD58 /* Info.plist */,
				EAC654892358F8960074DD58 /* Hnefatafl.entitlements */,
			);
			path = Hnefatafl;
			sourceTree = "<group>";
		};
		EAC654912358F8960074DD58 /* HnefataflTests */ = {
			isa = PBXGroup;
			children = (
				EAC654922358F8960074DD58 /* HnefataflTests.swift */,
				EAC654942358F8960074DD58 /* Info.plist */,
			);
			path = HnefataflTests;
			sourceTree = "<group>";
		};
		EAC6549D2358FB150074DD58 /* Ui */ = {
			isa = PBXGroup;
			children = (
				EAC654A52358FC460074DD58 /* BoardConfig.swift */,
				EAC654A42358FC460074DD58 /* BoardView.swift */,
			);
			path = Ui;
			sourceTree = "<group>";
		};
		EAC654A9235A377E0074DD58 /* Engine */ = {
			isa = PBXGroup;
			children = (
				EAC654AB235A37CB0074DD58 /* BoardGeometry.h */,
				EAC654AC235A37CB0074DD58 /* BoardGeometry.c */,
				EAC654AA235A37CA0074DD58 /* Hnefatafl-Bridging-Header.h */,
			);
			path = Engine;
			sourceTree = "<group>";
		};
/* End PBXGroup section */

/* Begin PBXNativeTarget section */
		EAC6547B2358F8930074DD58 /* Hnefatafl */ = {
			isa = PBXNativeTarget;
			buildConfigurationList = EAC654972358F8960074DD58 /* Build configuration list for PBXNativeTarget "Hnefatafl" */;
			buildPhases = (
				EAC654782358F8930074DD58 /* Sources */,
				EAC654792358F8930074DD58 /* Frameworks */,
				EAC6547A2358F8930074DD58 /* Resources */,
			);
			buildRules = (
			);
			dependencies = (
			);
			name = Hnefatafl;
			productName = Hnefatafl;
			productReference = EAC6547C2358F8930074DD58 /* Hnefatafl.app */;
			productType = "com.apple.product-type.application";
		};
		EAC6548D2358F8960074DD58 /* HnefataflTests */ = {
			isa = PBXNativeTarget;
			buildConfigurationList = EAC6549A2358F8960074DD58 /* Build configuration list for PBXNativeTarget "HnefataflTests" */;
			buildPhases = (
				EAC6548A2358F8960074DD58 /* Sources */,
				EAC6548B2358F8960074DD58 /* Frameworks */,
				EAC6548C2358F8960074DD58 /* Resources */,
			);
			buildRules = (
			);
			dependencies = (
				EAC654902358F8960074DD58 /* PBXTargetDependency */,
			);
			name = HnefataflTests;
			productName = HnefataflTests;
			productReference = EAC6548E2358F8960074DD58 /* HnefataflTests.xctest */;
			productType = "com.apple.product-type.bundle.unit-test";
		};
/* End PBXNativeTarget section */

/* Begin PBXProject section */
		EAC654742358F8930074DD58 /* Project object */ = {
			isa = PBXProject;
			attributes = {
				LastSwiftUpdateCheck = 1110;
				LastUpgradeCheck = 1110;
				ORGANIZATIONNAME = "Tony Jinks";
				TargetAttributes = {
					EAC6547B2358F8930074DD58 = {
						CreatedOnToolsVersion = 11.1;
						LastSwiftMigration = 1110;
					};
					EAC6548D2358F8960074DD58 = {
						CreatedOnToolsVersion = 11.1;
						TestTargetID = EAC6547B2358F8930074DD58;
					};
				};
			};
			buildConfigurationList = EAC654772358F8930074DD58 /* Build configuration list for PBXProject "Hnefatafl" */;
			compatibilityVersion = "Xcode 9.3";
			developmentRegion = en;
			hasScannedForEncodings = 0;
			knownRegions = (
				en,
				Base,
			);
			mainGroup = EAC654732358F8930074DD58;
			productRefGroup = EAC6547D2358F8930074DD58 /* Products */;
			projectDirPath = "";
			projectRoot = "";
			targets = (
				EAC6547B2358F8930074DD58 /* Hnefatafl */,
				EAC6548D2358F8960074DD58 /* HnefataflTests */,
			);
		};
/* End PBXProject section */

/* Begin PBXResourcesBuildPhase section */
		EAC6547A2358F8930074DD58 /* Resources */ = {
			isa = PBXResourcesBuildPhase;
			buildActionMask = 2147483647;
			files = (
				EAC654842358F8960074DD58 /* Assets.xcassets in Resources */,
				EAC654872358F8960074DD58 /* Main.storyboard in Resources */,
			);
			runOnlyForDeploymentPostprocessing = 0;
		};
		EAC6548C2358F8960074DD58 /* Resources */ = {
			isa = PBXResourcesBuildPhase;
			buildActionMask = 2147483647;
			files = (
			);
			runOnlyForDeploymentPostprocessing = 0;
		};
/* End PBXResourcesBuildPhase section */

/* Begin PBXSourcesBuildPhase section */
		EAC654782358F8930074DD58 /* Sources */ = {
			isa = PBXSourcesBuildPhase;
			buildActionMask = 2147483647;
			files = (
				EAC654822358F8930074DD58 /* ViewController.swift in Sources */,
				EAC654A72358FC460074DD58 /* BoardConfig.swift in Sources */,
				EAC654A62358FC460074DD58 /* BoardView.swift in Sources */,
				EAC654AD235A37CB0074DD58 /* BoardGeometry.c in Sources */,
				EAC654802358F8930074DD58 /* AppDelegate.swift in Sources */,
			);
			runOnlyForDeploymentPostprocessing = 0;
		};
		EAC6548A2358F8960074DD58 /* Sources */ = {
			isa = PBXSourcesBuildPhase;
			buildActionMask = 2147483647;
			files = (
				EAC654932358F8960074DD58 /* HnefataflTests.swift in Sources */,
			);
			runOnlyForDeploymentPostprocessing = 0;
		};
/* End PBXSourcesBuildPhase section */

/* Begin PBXTargetDependency section */
		EAC654902358F8960074DD58 /* PBXTargetDependency */ = {
			isa = PBXTargetDependency;
			target = EAC6547B2358F8930074DD58 /* Hnefatafl */;
			targetProxy = EAC6548F2358F8960074DD58 /* PBXContainerItemProxy */;
		};
/* End PBXTargetDependency section */

/* Begin PBXVariantGroup section */
		EAC654852358F8960074DD58 /* Main.storyboard */ = {
			isa = PBXVariantGroup;
			children = (
				EAC654862358F8960074DD58 /* Base */,
			);
			name = Main.storyboard;
			sourceTree = "<group>";
		};
/* End PBXVariantGroup section */

/* Begin XCBuildConfiguration section */
		EAC654952358F8960074DD58 /* Debug */ = {
			isa = XCBuildConfiguration;
			buildSettings = {
				ALWAYS_SEARCH_USER_PATHS = NO;
				CLANG_ANALYZER_NONNULL = YES;
				CLANG_ANALYZER_NUMBER_OBJECT_CONVERSION = YES_AGGRESSIVE;
				CLANG_CXX_LANGUAGE_STANDARD = "gnu++14";
				CLANG_CXX_LIBRARY = "libc++";
				CLANG_ENABLE_MODULES = YES;
				CLANG_ENABLE_OBJC_ARC = YES;
				CLANG_ENABLE_OBJC_WEAK = YES;
				CLANG_WARN_BLOCK_CAPTURE_AUTORELEASING = YES;
				CLANG_WARN_BOOL_CONVERSION = YES;
				CLANG_WARN_COMMA = YES;
				CLANG_WARN_CONSTANT_CONVERSION = YES;
				CLANG_WARN_DEPRECATED_OBJC_IMPLEMENTATIONS = YES;
				CLANG_WARN_DIRECT_OBJC_ISA_USAGE = YES_ERROR;
				CLANG_WARN_DOCUMENTATION_COMMENTS = YES;
				CLANG_WARN_EMPTY_BODY = YES;
				CLANG_WARN_ENUM_CONVERSION = YES;
				CLANG_WARN_INFINITE_RECURSION = YES;
				CLANG_WARN_INT_CONVERSION = YES;
				CLANG_WARN_NON_LITERAL_NULL_CONVERSION = YES;
				CLANG_WARN_OBJC_IMPLICIT_RETAIN_SELF = YES;
				CLANG_WARN_OBJC_LITERAL_CONVERSION = YES;
				CLANG_WARN_OBJC_ROOT_CLASS = YES_ERROR;
				CLANG_WARN_RANGE_LOOP_ANALYSIS = YES;
				CLANG_WARN_STRICT_PROTOTYPES = YES;
				CLANG_WARN_SUSPICIOUS_MOVE = YES;
				CLANG_WARN_UNGUARDED_AVAILABILITY = YES_AGGRESSIVE;
				CLANG_WARN_UNREACHABLE_CODE = YES;
				CLANG_WARN__DUPLICATE_METHOD_MATCH = YES;
				COPY_PHASE_STRIP = NO;
				DEBUG_INFORMATION_FORMAT = dwarf;
				ENABLE_STRICT_OBJC_MSGSEND = YES;
				ENABLE_TESTABILITY = YES;
				GCC_C_LANGUAGE_STANDARD = gnu11;
				GCC_DYNAMIC_NO_PIC = NO;
				GCC_NO_COMMON_BLOCKS = YES;
				GCC_OPTIMIZATION_LEVEL = 0;
				GCC_PREPROCESSOR_DEFINITIONS = (
					"DEBUG=1",
					"$(inherited)",
				);
				GCC_WARN_64_TO_32_BIT_CONVERSION = YES;
				GCC_WARN_ABOUT_RETURN_TYPE = YES_ERROR;
				GCC_WARN_UNDECLARED_SELECTOR = YES;
				GCC_WARN_UNINITIALIZED_AUTOS = YES_AGGRESSIVE;
				GCC_WARN_UNUSED_FUNCTION = YES;
				GCC_WARN_UNUSED_VARIABLE = YES;
				MACOSX_DEPLOYMENT_TARGET = 10.15;
				MTL_ENABLE_DEBUG_INFO = INCLUDE_SOURCE;
				MTL_FAST_MATH = YES;
				ONLY_ACTIVE_ARCH = YES;
				SDKROOT = macosx;
				SWIFT_ACTIVE_COMPILATION_CONDITIONS = DEBUG;
				SWIFT_OPTIMIZATION_LEVEL = "-Onone";
			};
			name = Debug;
		};
		EAC654962358F8960074DD58 /* Release */ = {
			isa = XCBuildConfiguration;
			buildSettings = {
				ALWAYS_SEARCH_USER_PATHS = NO;
				CLANG_ANALYZER_NONNULL = YES;
				CLANG_ANALYZER_NUMBER_OBJECT_CONVERSION = YES_AGGRESSIVE;
				CLANG_CXX_LANGUAGE_STANDARD = "gnu++14";
				CLANG_CXX_LIBRARY = "libc++";
				CLANG_ENABLE_MODULES = YES;
				CLANG_ENABLE_OBJC_ARC = YES;
				CLANG_ENABLE_OBJC_WEAK = YES;
				CLANG_WARN_BLOCK_CAPTURE_AUTORELEASING = YES;
				CLANG_WARN_BOOL_CONVERSION = YES;
				CLANG_WARN_COMMA = YES;
				CLANG_WARN_CONSTANT_CONVERSION = YES;
				CLANG_WARN_DEPRECATED_OBJC_IMPLEMENTATIONS = YES;
				CLANG_WARN_DIRECT_OBJC_ISA_USAGE = YES_ERROR;
				CLANG_WARN_DOCUMENTATION_COMMENTS = YES;
				CLANG_WARN_EMPTY_BODY = YES;
				CLANG_WARN_ENUM_CONVERSION = YES;
				CLANG_WARN_INFINITE_RECURSION = YES;
				CLANG_WARN_INT_CONVERSION = YES;
				CLANG_WARN_NON_LITERAL_NULL_CONVERSION = YES;
				CLANG_WARN_OBJC_IMPLICIT_RETAIN_SELF = YES;
				CLANG_WARN_OBJC_LITERAL_CONVERSION = YES;
				CLANG_WARN_OBJC_ROOT_CLASS = YES_ERROR;
				CLANG_WARN_RANGE_LOOP_ANALYSIS = YES;
				CLANG_WARN_STRICT_PROTOTYPES = YES;
				CLANG_WARN_SUSPICIOUS_MOVE = YES;
				CLANG_WARN_UNGUARDED_AVAILABILITY = YES_AGGRESSIVE;
				CLANG_WARN_UNREACHABLE_CODE = YES;
				CLANG_WARN__DUPLICATE_METHOD_MATCH = YES;
				COPY_PHASE_STRIP = NO;
				DEBUG_INFORMATION_FORMAT = "dwarf-with-dsym";
				ENABLE_NS_ASSERTIONS = NO;
				ENABLE_STRICT_OBJC_MSGSEND = YES;
				GCC_C_LANGUAGE_STANDARD = gnu11;
				GCC_NO_COMMON_BLOCKS = YES;
				GCC_WARN_64_TO_32_BIT_CONVERSION = YES;
				GCC_WARN_ABOUT_RETURN_TYPE = YES_ERROR;
				GCC_WARN_UNDECLARED_SELECTOR = YES;
				GCC_WARN_UNINITIALIZED_AUTOS = YES_AGGRESSIVE;
				GCC_WARN_UNUSED_FUNCTION = YES;
				GCC_WARN_UNUSED_VARIABLE = YES;
				MACOSX_DEPLOYMENT_TARGET = 10.15;
				MTL_ENABLE_DEBUG_INFO = NO;
				MTL_FAST_MATH = YES;
				SDKROOT = macosx;
				SWIFT_COMPILATION_MODE = wholemodule;
				SWIFT_OPTIMIZATION_LEVEL = "-O";
			};
			name = Release;
		};
		EAC654982358F8960074DD58 /* Debug */ = {
			isa = XCBuildConfiguration;
			buildSettings = {
				ASSETCATALOG_COMPILER_APPICON_NAME = AppIcon;
				CLANG_ENABLE_MODULES = YES;
				CODE_SIGN_ENTITLEMENTS = Hnefatafl/Hnefatafl.entitlements;
				CODE_SIGN_STYLE = Automatic;
				COMBINE_HIDPI_IMAGES = YES;
				DEVELOPMENT_TEAM = 4252B3HDL2;
				ENABLE_HARDENED_RUNTIME = YES;
				INFOPLIST_FILE = Hnefatafl/Info.plist;
				LD_RUNPATH_SEARCH_PATHS = (
					"$(inherited)",
					"@executable_path/../Frameworks",
				);
				PRODUCT_BUNDLE_IDENTIFIER = uk.co.cleopatra.Hnefatafl;
				PRODUCT_NAME = "$(TARGET_NAME)";
				SWIFT_OBJC_BRIDGING_HEADER = "Hnefatafl/Engine/Hnefatafl-Bridging-Header.h";
				SWIFT_OPTIMIZATION_LEVEL = "-Onone";
				SWIFT_VERSION = 5.0;
			};
			name = Debug;
		};
		EAC654992358F8960074DD58 /* Release */ = {
			isa = XCBuildConfiguration;
			buildSettings = {
				ASSETCATALOG_COMPILER_APPICON_NAME = AppIcon;
				CLANG_ENABLE_MODULES = YES;
				CODE_SIGN_ENTITLEMENTS = Hnefatafl/Hnefatafl.entitlements;
				CODE_SIGN_STYLE = Automatic;
				COMBINE_HIDPI_IMAGES = YES;
				DEVELOPMENT_TEAM = 4252B3HDL2;
				ENABLE_HARDENED_RUNTIME = YES;
				INFOPLIST_FILE = Hnefatafl/Info.plist;
				LD_RUNPATH_SEARCH_PATHS = (
					"$(inherited)",
					"@executable_path/../Frameworks",
				);
				PRODUCT_BUNDLE_IDENTIFIER = uk.co.cleopatra.Hnefatafl;
				PRODUCT_NAME = "$(TARGET_NAME)";
				SWIFT_OBJC_BRIDGING_HEADER = "Hnefatafl/Engine/Hnefatafl-Bridging-Header.h";
				SWIFT_VERSION = 5.0;
			};
			name = Release;
		};
		EAC6549B2358F8960074DD58 /* Debug */ = {
			isa = XCBuildConfiguration;
			buildSettings = {
				ALWAYS_EMBED_SWIFT_STANDARD_LIBRARIES = YES;
				BUNDLE_LOADER = "$(TEST_HOST)";
				CODE_SIGN_STYLE = Automatic;
				COMBINE_HIDPI_IMAGES = YES;
				DEVELOPMENT_TEAM = 4252B3HDL2;
				INFOPLIST_FILE = HnefataflTests/Info.plist;
				LD_RUNPATH_SEARCH_PATHS = (
					"$(inherited)",
					"@executable_path/../Frameworks",
					"@loader_path/../Frameworks",
				);
				MACOSX_DEPLOYMENT_TARGET = 10.15;
				PRODUCT_BUNDLE_IDENTIFIER = uk.co.cleopatra.HnefataflTests;
				PRODUCT_NAME = "$(TARGET_NAME)";
				SWIFT_VERSION = 5.0;
				TEST_HOST = "$(BUILT_PRODUCTS_DIR)/Hnefatafl.app/Contents/MacOS/Hnefatafl";
			};
			name = Debug;
		};
		EAC6549C2358F8960074DD58 /* Release */ = {
			isa = XCBuildConfiguration;
			buildSettings = {
				ALWAYS_EMBED_SWIFT_STANDARD_LIBRARIES = YES;
				BUNDLE_LOADER = "$(TEST_HOST)";
				CODE_SIGN_STYLE = Automatic;
				COMBINE_HIDPI_IMAGES = YES;
				DEVELOPMENT_TEAM = 4252B3HDL2;
				INFOPLIST_FILE = HnefataflTests/Info.plist;
				LD_RUNPATH_SEARCH_PATHS = (
					"$(inherited)",
					"@executable_path/../Frameworks",
					"@loader_path/../Frameworks",
				);
				MACOSX_DEPLOYMENT_TARGET = 10.15;
				PRODUCT_BUNDLE_IDENTIFIER = uk.co.cleopatra.HnefataflTests;
				PRODUCT_NAME = "$(TARGET_NAME)";
				SWIFT_VERSION = 5.0;
				TEST_HOST = "$(BUILT_PRODUCTS_DIR)/Hnefatafl.app/Contents/MacOS/Hnefatafl";
			};
			name = Release;
		};
/* End XCBuildConfiguration section */

/* Begin XCConfigurationList section */
		EAC654772358F8930074DD58 /* Build configuration list for PBXProject "Hnefatafl" */ = {
			isa = XCConfigurationList;
			buildConfigurations = (
				EAC654952358F8960074DD58 /* Debug */,
				EAC654962358F8960074DD58 /* Release */,
			);
			defaultConfigurationIsVisible = 0;
			defaultConfigurationName = Release;
		};
		EAC654972358F8960074DD58 /* Build configuration list for PBXNativeTarget "Hnefatafl" */ = {
			isa = XCConfigurationList;
			buildConfigurations = (
				EAC654982358F8960074DD58 /* Debug */,
				EAC654992358F8960074DD58 /* Release */,
			);
			defaultConfigurationIsVisible = 0;
			defaultConfigurationName = Release;
		};
		EAC6549A2358F8960074DD58 /* Build configuration list for PBXNativeTarget "HnefataflTests" */ = {
			isa = XCConfigurationList;
			buildConfigurations = (
				EAC6549B2358F8960074DD58 /* Debug */,
				EAC6549C2358F8960074DD58 /* Release */,
			);
			defaultConfigurationIsVisible = 0;
			defaultConfigurationName = Release;
		};
/* End XCConfigurationList section */
	};
	rootObject = EAC654742358F8930074DD58 /* Project object */;
}
